
Microsoft Visual Studio Solution File, Format Version 12.00
# Visual Studio Version 17
VisualStudioVersion = 17.11.35327.3
MinimumVisualStudioVersion = 10.0.40219.1
Project("{8BC9CEB8-8B4A-11D0-8D11-00A0C91BC942}") = "GameServer", "GameServer\GameServer.vcxproj", "{01BA4B51-28AC-4065-8742-21A9DB03E943}"
EndProject
Project("{8BC9CEB8-8B4A-11D0-8D11-00A0C91BC942}") = "DummyClient", "DummyClient\DummyClient.vcxproj", "{AF20809F-5339-4035-AABC-13BF9CCE8EE7}"
EndProject
Project("{8BC9CEB8-8B4A-11D0-8D11-00A0C91BC942}") = "ServerCore", "ServerCore\ServerCore.vcxproj", "{46EA8EA8-5BEF-4316-AAB5-7D3F6F17A9EF}"
EndProject
Global
	GlobalSection(SolutionConfigurationPlatforms) = preSolution
		Debug|x64 = Debug|x64
		Debug|x86 = Debug|x86
		Release|x64 = Release|x64
		Release|x86 = Release|x86
	EndGlobalSection
	GlobalSection(ProjectConfigurationPlatforms) = postSolution
		{01BA4B51-28AC-4065-8742-21A9DB03E943}.Debug|x64.ActiveCfg = Debug|x64
		{01BA4B51-28AC-4065-8742-21A9DB03E943}.Debug|x64.Build.0 = Debug|x64
		{01BA4B51-28AC-4065-8742-21A9DB03E943}.Debug|x86.ActiveCfg = Debug|Win32
		{01BA4B51-28AC-4065-8742-21A9DB03E943}.Debug|x86.Build.0 = Debug|Win32
		{01BA4B51-28AC-4065-8742-21A9DB03E943}.Release|x64.ActiveCfg = Release|x64
		{01BA4B51-28AC-4065-8742-21A9DB03E943}.Release|x64.Build.0 = Release|x64
		{01BA4B51-28AC-4065-8742-21A9DB03E943}.Release|x86.ActiveCfg = Release|Win32
		{01BA4B51-28AC-4065-8742-21A9DB03E943}.Release|x86.Build.0 = Release|Win32
		{AF20809F-5339-4035-AABC-13BF9CCE8EE7}.Debug|x64.ActiveCfg = Debug|x64
		{AF20809F-5339-4035-AABC-13BF9CCE8EE7}.Debug|x64.Build.0 = Debug|x64
		{AF20809F-5339-4035-AABC-13BF9CCE8EE7}.Debug|x86.ActiveCfg = Debug|Win32
		{AF20809F-5339-4035-AABC-13BF9CCE8EE7}.Debug|x86.Build.0 = Debug|Win32
		{AF20809F-5339-4035-AABC-13BF9CCE8EE7}.Release|x64.ActiveCfg = Release|x64
		{AF20809F-5339-4035-AABC-13BF9CCE8EE7}.Release|x64.Build.0 = Release|x64
		{AF20809F-5339-4035-AABC-13BF9CCE8EE7}.Release|x86.ActiveCfg = Release|Win32
		{AF20809F-5339-4035-AABC-13BF9CCE8EE7}.Release|x86.Build.0 = Release|Win32
		{46EA8EA8-5BEF-4316-AAB5-7D3F6F17A9EF}.Debug|x64.ActiveCfg = Debug|x64
		{46EA8EA8-5BEF-4316-AAB5-7D3F6F17A9EF}.Debug|x64.Build.0 = Debug|x64
		{46EA8EA8-5BEF-4316-AAB5-7D3F6F17A9EF}.Debug|x86.ActiveCfg = Debug|Win32
		{46EA8EA8-5BEF-4316-AAB5-7D3F6F17A9EF}.Debug|x86.Build.0 = Debug|Win32
		{46EA8EA8-5BEF-4316-AAB5-7D3F6F17A9EF}.Release|x64.ActiveCfg = Release|x64
		{46EA8EA8-5BEF-4316-AAB5-7D3F6F17A9EF}.Release|x64.Build.0 = Release|x64
		{46EA8EA8-5BEF-4316-AAB5-7D3F6F17A9EF}.Release|x86.ActiveCfg = Release|Win32
		{46EA8EA8-5BEF-4316-AAB5-7D3F6F17A9EF}.Release|x86.Build.0 = Release|Win32
	EndGlobalSection
	GlobalSection(SolutionProperties) = preSolution
		HideSolutionNode = FALSE
	EndGlobalSection
	GlobalSection(ExtensibilityGlobals) = postSolution
		SolutionGuid = {1C25AB13-EFCD-4D40-A965-A0374165EEF5}
	EndGlobalSection
EndGlobal
